
Microsoft Visual Studio Solution File, Format Version 12.00
# Visual Studio Version 16
VisualStudioVersion = 16.0.31424.327
MinimumVisualStudioVersion = 10.0.40219.1
Project("{888888A0-9F3D-457C-B088-3A5042F75D52}") = "Test Task", "Test Task\Test Task.pyproj", "{FAA63E24-38AF-4015-A97D-31A93B8DDE23}"
EndProject
Global
	GlobalSection(SolutionConfigurationPlatforms) = preSolution
		Debug|Any CPU = Debug|Any CPU
		Release|Any CPU = Release|Any CPU
	EndGlobalSection
	GlobalSection(ProjectConfigurationPlatforms) = postSolution
		{FAA63E24-38AF-4015-A97D-31A93B8DDE23}.Debug|Any CPU.ActiveCfg = Debug|Any CPU
		{FAA63E24-38AF-4015-A97D-31A93B8DDE23}.Release|Any CPU.ActiveCfg = Release|Any CPU
	EndGlobalSection
	GlobalSection(SolutionProperties) = preSolution
		HideSolutionNode = FALSE
	EndGlobalSection
	GlobalSection(ExtensibilityGlobals) = postSolution
		SolutionGuid = {8C221B44-A167-4A1C-8639-1CCBD08F48A2}
	EndGlobalSection
EndGlobal
